
Microsoft Visual Studio Solution File, Format Version 12.00
# Visual Studio 15
VisualStudioVersion = 15.0.27703.2026
MinimumVisualStudioVersion = 10.0.40219.1
Project("{8BC9CEB8-8B4A-11D0-8D11-00A0C91BC942}") = "PancystarEngineDx12", "PancystarEngineDx12\PancystarEngineDx12.vcxproj", "{5A030335-669A-4D99-A982-9770027CCA50}"
EndProject
Project("{8BC9CEB8-8B4A-11D0-8D11-00A0C91BC942}") = "SceneTestSample", "SceneTestSample\SceneTestSample.vcxproj", "{47384432-A248-4437-9953-49060DE3F96D}"
	ProjectSection(ProjectDependencies) = postProject
		{5A030335-669A-4D99-A982-9770027CCA50} = {5A030335-669A-4D99-A982-9770027CCA50}
	EndProjectSection
EndProject
Global
	GlobalSection(SolutionConfigurationPlatforms) = preSolution
		Debug|x64 = Debug|x64
		Debug|x86 = Debug|x86
		Release|x64 = Release|x64
		Release|x86 = Release|x86
	EndGlobalSection
	GlobalSection(ProjectConfigurationPlatforms) = postSolution
		{5A030335-669A-4D99-A982-9770027CCA50}.Debug|x64.ActiveCfg = Debug|x64
		{5A030335-669A-4D99-A982-9770027CCA50}.Debug|x64.Build.0 = Debug|x64
		{5A030335-669A-4D99-A982-9770027CCA50}.Debug|x86.ActiveCfg = Debug|Win32
		{5A030335-669A-4D99-A982-9770027CCA50}.Debug|x86.Build.0 = Debug|Win32
		{5A030335-669A-4D99-A982-9770027CCA50}.Release|x64.ActiveCfg = Release|x64
		{5A030335-669A-4D99-A982-9770027CCA50}.Release|x64.Build.0 = Release|x64
		{5A030335-669A-4D99-A982-9770027CCA50}.Release|x86.ActiveCfg = Release|Win32
		{5A030335-669A-4D99-A982-9770027CCA50}.Release|x86.Build.0 = Release|Win32
		{47384432-A248-4437-9953-49060DE3F96D}.Debug|x64.ActiveCfg = Debug|x64
		{47384432-A248-4437-9953-49060DE3F96D}.Debug|x64.Build.0 = Debug|x64
		{47384432-A248-4437-9953-49060DE3F96D}.Debug|x86.ActiveCfg = Debug|Win32
		{47384432-A248-4437-9953-49060DE3F96D}.Debug|x86.Build.0 = Debug|Win32
		{47384432-A248-4437-9953-49060DE3F96D}.Release|x64.ActiveCfg = Release|x64
		{47384432-A248-4437-9953-49060DE3F96D}.Release|x64.Build.0 = Release|x64
		{47384432-A248-4437-9953-49060DE3F96D}.Release|x86.ActiveCfg = Release|Win32
		{47384432-A248-4437-9953-49060DE3F96D}.Release|x86.Build.0 = Release|Win32
	EndGlobalSection
	GlobalSection(SolutionProperties) = preSolution
		HideSolutionNode = FALSE
	EndGlobalSection
	GlobalSection(ExtensibilityGlobals) = postSolution
		SolutionGuid = {E89F07B1-E3B8-4E1C-9FC5-F353A06E889E}
	EndGlobalSection
EndGlobal
