<?xml version="1.0" encoding="utf-8"?>
<Project ToolsVersion="4.0" xmlns="http://schemas.microsoft.com/developer/msbuild/2003">
  <ItemGroup>
    <Filter Include="Source Files">
      <UniqueIdentifier>{4FC737F1-C7A5-4376-A066-2A32D752A2FF}</UniqueIdentifier>
      <Extensions>cpp;c;cc;cxx;def;odl;idl;hpj;bat;asm;asmx</Extensions>
    </Filter>
    <Filter Include="Header Files">
      <UniqueIdentifier>{93995380-89BD-4b04-88EB-625FBE52EBFB}</UniqueIdentifier>
      <Extensions>h;hh;hpp;hxx;hm;inl;inc;xsd</Extensions>
    </Filter>
    <Filter Include="Resource Files">
      <UniqueIdentifier>{D9D6E242-F8AF-46E4-B9FD-80ECBC20BA3E}</UniqueIdentifier>
      <Extensions>qrc;*</Extensions>
      <ParseFiles>false</ParseFiles>
    </Filter>
    <Filter Include="Form Files">
      <UniqueIdentifier>{99349809-55BA-4b9d-BF79-8FDBB0286EB3}</UniqueIdentifier>
      <Extensions>ui</Extensions>
    </Filter>
    <Filter Include="Resource Files">
      <UniqueIdentifier>{D9D6E242-F8AF-46E4-B9FD-80ECBC20BA3E}</UniqueIdentifier>
      <Extensions>qrc;*</Extensions>
      <ParseFiles>false</ParseFiles>
    </Filter>
    <Filter Include="Generated Files">
      <UniqueIdentifier>{71ED8ED8-ACB9-4CE9-BBE1-E00B30144E11}</UniqueIdentifier>
      <Extensions>moc;h;cpp</Extensions>
      <SourceControlFiles>False</SourceControlFiles>
    </Filter>
    <Filter Include="shader">
      <UniqueIdentifier>{6783a4d3-f738-48fc-9eed-61bf9a2642c6}</UniqueIdentifier>
    </Filter>
    <Filter Include="pso">
      <UniqueIdentifier>{eef5b47c-3fa9-469c-b4b2-ba8e09a5377d}</UniqueIdentifier>
    </Filter>
    <Filter Include="rootsignature">
      <UniqueIdentifier>{55a03c01-58a3-4c67-8ea1-345c5fefa1bd}</UniqueIdentifier>
    </Filter>
  </ItemGroup>
  <ItemGroup>
    <ClCompile Include="main.cpp">
      <Filter>Source Files</Filter>
    </ClCompile>
    <ClCompile Include="EngineModelDesign.cpp">
      <Filter>Source Files</Filter>
    </ClCompile>
    <ClCompile Include="Dx12Widget.cpp">
      <Filter>Source Files</Filter>
    </ClCompile>
    <ClCompile Include="TestScene.cpp">
      <Filter>Source Files</Filter>
    </ClCompile>
  </ItemGroup>
  <ItemGroup>
    <QtMoc Include="EngineModelDesign.h">
      <Filter>Header Files</Filter>
    </QtMoc>
    <QtMoc Include="Dx12Widget.h">
      <Filter>Header Files</Filter>
    </QtMoc>
  </ItemGroup>
  <ItemGroup>
    <QtUic Include="EngineModelDesign.ui">
      <Filter>Form Files</Filter>
    </QtUic>
  </ItemGroup>
  <ItemGroup>
    <QtRcc Include="EngineModelDesign.qrc">
      <Filter>Resource Files</Filter>
    </QtRcc>
  </ItemGroup>
  <ItemGroup>
    <ClInclude Include="TestScene.h">
      <Filter>Header Files</Filter>
    </ClInclude>
  </ItemGroup>
  <ItemGroup>
    <FxCompile Include="shader\BrdfGen.hlsl">
      <Filter>shader</Filter>
    </FxCompile>
    <FxCompile Include="shader\CubeMap.hlsl">
      <Filter>shader</Filter>
    </FxCompile>
    <FxCompile Include="shader\pbr_lighting.hlsl">
      <Filter>shader</Filter>
    </FxCompile>
    <FxCompile Include="shader\testcolor.hlsl">
      <Filter>shader</Filter>
    </FxCompile>
    <FxCompile Include="shader\ScreenMask.hlsl">
      <Filter>shader</Filter>
    </FxCompile>
    <FxCompile Include="shader\boundbox.hlsl">
      <Filter>shader</Filter>
    </FxCompile>
  </ItemGroup>
  <ItemGroup>
    <None Include="json\pipline_state_object\pso_brdfgen.json">
      <Filter>pso</Filter>
    </None>
    <None Include="json\pipline_state_object\pso_pbr.json">
      <Filter>pso</Filter>
    </None>
    <None Include="json\pipline_state_object\pso_sky.json">
      <Filter>pso</Filter>
    </None>
    <None Include="json\pipline_state_object\pso_test.json">
      <Filter>pso</Filter>
    </None>
    <None Include="json\root_signature\brdfgen_root_signature.json">
      <Filter>rootsignature</Filter>
    </None>
    <None Include="json\root_signature\pbr_root_signature.json">
      <Filter>rootsignature</Filter>
    </None>
    <None Include="json\root_signature\sky_root_signature.json">
      <Filter>rootsignature</Filter>
    </None>
    <None Include="json\root_signature\test_root_signature.json">
      <Filter>rootsignature</Filter>
    </None>
    <None Include="json\pipline_state_object\pso_screenmask.json">
      <Filter>pso</Filter>
    </None>
    <None Include="json\pipline_state_object\pso_boundbox.json">
      <Filter>pso</Filter>
    </None>
    <None Include="json\root_signature\boundbox_root_signature.json">
      <Filter>rootsignature</Filter>
    </None>
    <None Include="json\pipline_state_object\pso_pbr_bone.json">
      <Filter>pso</Filter>
    </None>
  </ItemGroup>
</Project>